// !$*UTF8*$!
{
	archiveVersion = 1;
	classes = {
	};
	objectVersion = 56;
	objects = {

/* Begin PBXBuildFile section */
		263AC87A2C85936400C9AF94 /* CustomVideoPlayer.swift in Sources */ = {isa = PBXBuildFile; fileRef = 263AC8792C85936400C9AF94 /* CustomVideoPlayer.swift */; };
		263AC87F2C85ADB700C9AF94 /* HomeView.swift in Sources */ = {isa = PBXBuildFile; fileRef = 263AC87E2C85ADB700C9AF94 /* HomeView.swift */; };
		263AC8812C85B28700C9AF94 /* DetailView.swift in Sources */ = {isa = PBXBuildFile; fileRef = 263AC8802C85B28700C9AF94 /* DetailView.swift */; };
		266DF5992C816B3F0029F92D /* Youtube_NetflixApp.swift in Sources */ = {isa = PBXBuildFile; fileRef = 266DF5982C816B3F0029F92D /* Youtube_NetflixApp.swift */; };
		266DF59B2C816B3F0029F92D /* ContentView.swift in Sources */ = {isa = PBXBuildFile; fileRef = 266DF59A2C816B3F0029F92D /* ContentView.swift */; };
		266DF59D2C816B430029F92D /* Assets.xcassets in Resources */ = {isa = PBXBuildFile; fileRef = 266DF59C2C816B430029F92D /* Assets.xcassets */; };
		266DF5A02C816B430029F92D /* Preview Assets.xcassets in Resources */ = {isa = PBXBuildFile; fileRef = 266DF59F2C816B430029F92D /* Preview Assets.xcassets */; };
		266DF5A92C81701D0029F92D /* Colors.swift in Sources */ = {isa = PBXBuildFile; fileRef = 266DF5A82C81701D0029F92D /* Colors.swift */; };
		266DF5AE2C8177A10029F92D /* MovieResponse.swift in Sources */ = {isa = PBXBuildFile; fileRef = 266DF5AD2C8177A10029F92D /* MovieResponse.swift */; };
		266DF5B02C817A690029F92D /* MovieData.swift in Sources */ = {isa = PBXBuildFile; fileRef = 266DF5AF2C817A690029F92D /* MovieData.swift */; };
		266DF5B32C817EB40029F92D /* Kingfisher in Frameworks */ = {isa = PBXBuildFile; productRef = 266DF5B22C817EB40029F92D /* Kingfisher */; };
		266DF5B92C81AA9C0029F92D /* MovieRowView.swift in Sources */ = {isa = PBXBuildFile; fileRef = 266DF5B82C81AA9C0029F92D /* MovieRowView.swift */; };
/* End PBXBuildFile section */

/* Begin PBXFileReference section */
		263AC8792C85936400C9AF94 /* CustomVideoPlayer.swift */ = {isa = PBXFileReference; lastKnownFileType = sourcecode.swift; path = CustomVideoPlayer.swift; sourceTree = "<group>"; };
		263AC87E2C85ADB700C9AF94 /* HomeView.swift */ = {isa = PBXFileReference; lastKnownFileType = sourcecode.swift; path = HomeView.swift; sourceTree = "<group>"; };
		263AC8802C85B28700C9AF94 /* DetailView.swift */ = {isa = PBXFileReference; lastKnownFileType = sourcecode.swift; path = DetailView.swift; sourceTree = "<group>"; };
		266DF5952C816B3F0029F92D /* Youtube_Netflix.app */ = {isa = PBXFileReference; explicitFileType = wrapper.application; includeInIndex = 0; path = Youtube_Netflix.app; sourceTree = BUILT_PRODUCTS_DIR; };
		266DF5982C816B3F0029F92D /* Youtube_NetflixApp.swift */ = {isa = PBXFileReference; lastKnownFileType = sourcecode.swift; path = Youtube_NetflixApp.swift; sourceTree = "<group>"; };
		266DF59A2C816B3F0029F92D /* ContentView.swift */ = {isa = PBXFileReference; lastKnownFileType = sourcecode.swift; path = ContentView.swift; sourceTree = "<group>"; };
		266DF59C2C816B430029F92D /* Assets.xcassets */ = {isa = PBXFileReference; lastKnownFileType = folder.assetcatalog; path = Assets.xcassets; sourceTree = "<group>"; };
		266DF59F2C816B430029F92D /* Preview Assets.xcassets */ = {isa = PBXFileReference; lastKnownFileType = folder.assetcatalog; path = "Preview Assets.xcassets"; sourceTree = "<group>"; };
		266DF5A82C81701D0029F92D /* Colors.swift */ = {isa = PBXFileReference; lastKnownFileType = sourcecode.swift; path = Colors.swift; sourceTree = "<group>"; };
		266DF5AD2C8177A10029F92D /* MovieResponse.swift */ = {isa = PBXFileReference; lastKnownFileType = sourcecode.swift; path = MovieResponse.swift; sourceTree = "<group>"; };
		266DF5AF2C817A690029F92D /* MovieData.swift */ = {isa = PBXFileReference; lastKnownFileType = sourcecode.swift; path = MovieData.swift; sourceTree = "<group>"; };
		266DF5B82C81AA9C0029F92D /* MovieRowView.swift */ = {isa = PBXFileReference; lastKnownFileType = sourcecode.swift; path = MovieRowView.swift; sourceTree = "<group>"; };
/* End PBXFileReference section */

/* Begin PBXFrameworksBuildPhase section */
		266DF5922C816B3F0029F92D /* Frameworks */ = {
			isa = PBXFrameworksBuildPhase;
			buildActionMask = 2147483647;
			files = (
				266DF5B32C817EB40029F92D /* Kingfisher in Frameworks */,
			);
			runOnlyForDeploymentPostprocessing = 0;
		};
/* End PBXFrameworksBuildPhase section */

/* Begin PBXGroup section */
		266DF58C2C816B3F0029F92D = {
			isa = PBXGroup;
			children = (
				266DF5972C816B3F0029F92D /* Youtube_Netflix */,
				266DF5962C816B3F0029F92D /* Products */,
			);
			sourceTree = "<group>";
		};
		266DF5962C816B3F0029F92D /* Products */ = {
			isa = PBXGroup;
			children = (
				266DF5952C816B3F0029F92D /* Youtube_Netflix.app */,
			);
			name = Products;
			sourceTree = "<group>";
		};
		266DF5972C816B3F0029F92D /* Youtube_Netflix */ = {
			isa = PBXGroup;
			children = (
				266DF5AB2C8170240029F92D /* Components */,
				266DF5AA2C81701F0029F92D /* Models */,
				266DF5A72C8170160029F92D /* Themes */,
				266DF5A62C816E9C0029F92D /* Pages */,
				266DF5982C816B3F0029F92D /* Youtube_NetflixApp.swift */,
				266DF59A2C816B3F0029F92D /* ContentView.swift */,
				266DF59C2C816B430029F92D /* Assets.xcassets */,
				266DF59E2C816B430029F92D /* Preview Content */,
			);
			path = Youtube_Netflix;
			sourceTree = "<group>";
		};
		266DF59E2C816B430029F92D /* Preview Content */ = {
			isa = PBXGroup;
			children = (
				266DF59F2C816B430029F92D /* Preview Assets.xcassets */,
			);
			path = "Preview Content";
			sourceTree = "<group>";
		};
		266DF5A62C816E9C0029F92D /* Pages */ = {
			isa = PBXGroup;
			children = (
				263AC87E2C85ADB700C9AF94 /* HomeView.swift */,
				263AC8802C85B28700C9AF94 /* DetailView.swift */,
			);
			path = Pages;
			sourceTree = "<group>";
		};
		266DF5A72C8170160029F92D /* Themes */ = {
			isa = PBXGroup;
			children = (
				266DF5A82C81701D0029F92D /* Colors.swift */,
			);
			path = Themes;
			sourceTree = "<group>";
		};
		266DF5AA2C81701F0029F92D /* Models */ = {
			isa = PBXGroup;
			children = (
				266DF5AC2C8176FA0029F92D /* MovieModel */,
			);
			path = Models;
			sourceTree = "<group>";
		};
		266DF5AB2C8170240029F92D /* Components */ = {
			isa = PBXGroup;
			children = (
				266DF5B82C81AA9C0029F92D /* MovieRowView.swift */,
				263AC8792C85936400C9AF94 /* CustomVideoPlayer.swift */,
			);
			path = Components;
			sourceTree = "<group>";
		};
		266DF5AC2C8176FA0029F92D /* MovieModel */ = {
			isa = PBXGroup;
			children = (
				266DF5AD2C8177A10029F92D /* MovieResponse.swift */,
				266DF5AF2C817A690029F92D /* MovieData.swift */,
			);
			path = MovieModel;
			sourceTree = "<group>";
		};
/* End PBXGroup section */

/* Begin PBXNativeTarget section */
		266DF5942C816B3F0029F92D /* Youtube_Netflix */ = {
			isa = PBXNativeTarget;
			buildConfigurationList = 266DF5A32C816B430029F92D /* Build configuration list for PBXNativeTarget "Youtube_Netflix" */;
			buildPhases = (
				266DF5912C816B3F0029F92D /* Sources */,
				266DF5922C816B3F0029F92D /* Frameworks */,
				266DF5932C816B3F0029F92D /* Resources */,
			);
			buildRules = (
			);
			dependencies = (
			);
			name = Youtube_Netflix;
			packageProductDependencies = (
				266DF5B22C817EB40029F92D /* Kingfisher */,
			);
			productName = Youtube_Netflix;
			productReference = 266DF5952C816B3F0029F92D /* Youtube_Netflix.app */;
			productType = "com.apple.product-type.application";
		};
/* End PBXNativeTarget section */

/* Begin PBXProject section */
		266DF58D2C816B3F0029F92D /* Project object */ = {
			isa = PBXProject;
			attributes = {
				BuildIndependentTargetsInParallel = 1;
				LastSwiftUpdateCheck = 1520;
				LastUpgradeCheck = 1520;
				TargetAttributes = {
					266DF5942C816B3F0029F92D = {
						CreatedOnToolsVersion = 15.2;
					};
				};
			};
			buildConfigurationList = 266DF5902C816B3F0029F92D /* Build configuration list for PBXProject "Youtube_Netflix" */;
			compatibilityVersion = "Xcode 14.0";
			developmentRegion = en;
			hasScannedForEncodings = 0;
			knownRegions = (
				en,
				Base,
			);
			mainGroup = 266DF58C2C816B3F0029F92D;
			packageReferences = (
				266DF5B12C817EB30029F92D /* XCRemoteSwiftPackageReference "Kingfisher" */,
			);
			productRefGroup = 266DF5962C816B3F0029F92D /* Products */;
			projectDirPath = "";
			projectRoot = "";
			targets = (
				266DF5942C816B3F0029F92D /* Youtube_Netflix */,
			);
		};
/* End PBXProject section */

/* Begin PBXResourcesBuildPhase section */
		266DF5932C816B3F0029F92D /* Resources */ = {
			isa = PBXResourcesBuildPhase;
			buildActionMask = 2147483647;
			files = (
				266DF5A02C816B430029F92D /* Preview Assets.xcassets in Resources */,
				266DF59D2C816B430029F92D /* Assets.xcassets in Resources */,
			);
			runOnlyForDeploymentPostprocessing = 0;
		};
/* End PBXResourcesBuildPhase section */

/* Begin PBXSourcesBuildPhase section */
		266DF5912C816B3F0029F92D /* Sources */ = {
			isa = PBXSourcesBuildPhase;
			buildActionMask = 2147483647;
			files = (
				266DF5B92C81AA9C0029F92D /* MovieRowView.swift in Sources */,
				263AC8812C85B28700C9AF94 /* DetailView.swift in Sources */,
				266DF59B2C816B3F0029F92D /* ContentView.swift in Sources */,
				266DF5AE2C8177A10029F92D /* MovieResponse.swift in Sources */,
				266DF5A92C81701D0029F92D /* Colors.swift in Sources */,
				266DF5B02C817A690029F92D /* MovieData.swift in Sources */,
				263AC87F2C85ADB700C9AF94 /* HomeView.swift in Sources */,
				266DF5992C816B3F0029F92D /* Youtube_NetflixApp.swift in Sources */,
				263AC87A2C85936400C9AF94 /* CustomVideoPlayer.swift in Sources */,
			);
			runOnlyForDeploymentPostprocessing = 0;
		};
/* End PBXSourcesBuildPhase section */

/* Begin XCBuildConfiguration section */
		266DF5A12C816B430029F92D /* Debug */ = {
			isa = XCBuildConfiguration;
			buildSettings = {
				ALWAYS_SEARCH_USER_PATHS = NO;
				ASSETCATALOG_COMPILER_GENERATE_SWIFT_ASSET_SYMBOL_EXTENSIONS = YES;
				CLANG_ANALYZER_NONNULL = YES;
				CLANG_ANALYZER_NUMBER_OBJECT_CONVERSION = YES_AGGRESSIVE;
				CLANG_CXX_LANGUAGE_STANDARD = "gnu++20";
				CLANG_ENABLE_MODULES = YES;
				CLANG_ENABLE_OBJC_ARC = YES;
				CLANG_ENABLE_OBJC_WEAK = YES;
				CLANG_WARN_BLOCK_CAPTURE_AUTORELEASING = YES;
				CLANG_WARN_BOOL_CONVERSION = YES;
				CLANG_WARN_COMMA = YES;
				CLANG_WARN_CONSTANT_CONVERSION = YES;
				CLANG_WARN_DEPRECATED_OBJC_IMPLEMENTATIONS = YES;
				CLANG_WARN_DIRECT_OBJC_ISA_USAGE = YES_ERROR;
				CLANG_WARN_DOCUMENTATION_COMMENTS = YES;
				CLANG_WARN_EMPTY_BODY = YES;
				CLANG_WARN_ENUM_CONVERSION = YES;
				CLANG_WARN_INFINITE_RECURSION = YES;
				CLANG_WARN_INT_CONVERSION = YES;
				CLANG_WARN_NON_LITERAL_NULL_CONVERSION = YES;
				CLANG_WARN_OBJC_IMPLICIT_RETAIN_SELF = YES;
				CLANG_WARN_OBJC_LITERAL_CONVERSION = YES;
				CLANG_WARN_OBJC_ROOT_CLASS = YES_ERROR;
				CLANG_WARN_QUOTED_INCLUDE_IN_FRAMEWORK_HEADER = YES;
				CLANG_WARN_RANGE_LOOP_ANALYSIS = YES;
				CLANG_WARN_STRICT_PROTOTYPES = YES;
				CLANG_WARN_SUSPICIOUS_MOVE = YES;
				CLANG_WARN_UNGUARDED_AVAILABILITY = YES_AGGRESSIVE;
				CLANG_WARN_UNREACHABLE_CODE = YES;
				CLANG_WARN__DUPLICATE_METHOD_MATCH = YES;
				COPY_PHASE_STRIP = NO;
				DEBUG_INFORMATION_FORMAT = dwarf;
				ENABLE_STRICT_OBJC_MSGSEND = YES;
				ENABLE_TESTABILITY = YES;
				ENABLE_USER_SCRIPT_SANDBOXING = YES;
				GCC_C_LANGUAGE_STANDARD = gnu17;
				GCC_DYNAMIC_NO_PIC = NO;
				GCC_NO_COMMON_BLOCKS = YES;
				GCC_OPTIMIZATION_LEVEL = 0;
				GCC_PREPROCESSOR_DEFINITIONS = (
					"DEBUG=1",
					"$(inherited)",
				);
				GCC_WARN_64_TO_32_BIT_CONVERSION = YES;
				GCC_WARN_ABOUT_RETURN_TYPE = YES_ERROR;
				GCC_WARN_UNDECLARED_SELECTOR = YES;
				GCC_WARN_UNINITIALIZED_AUTOS = YES_AGGRESSIVE;
				GCC_WARN_UNUSED_FUNCTION = YES;
				GCC_WARN_UNUSED_VARIABLE = YES;
				IPHONEOS_DEPLOYMENT_TARGET = 17.2;
				LOCALIZATION_PREFERS_STRING_CATALOGS = YES;
				MTL_ENABLE_DEBUG_INFO = INCLUDE_SOURCE;
				MTL_FAST_MATH = YES;
				ONLY_ACTIVE_ARCH = YES;
				SDKROOT = iphoneos;
				SWIFT_ACTIVE_COMPILATION_CONDITIONS = "DEBUG $(inherited)";
				SWIFT_OPTIMIZATION_LEVEL = "-Onone";
			};
			name = Debug;
		};
		266DF5A22C816B430029F92D /* Release */ = {
			isa = XCBuildConfiguration;
			buildSettings = {
				ALWAYS_SEARCH_USER_PATHS = NO;
				ASSETCATALOG_COMPILER_GENERATE_SWIFT_ASSET_SYMBOL_EXTENSIONS = YES;
				CLANG_ANALYZER_NONNULL = YES;
				CLANG_ANALYZER_NUMBER_OBJECT_CONVERSION = YES_AGGRESSIVE;
				CLANG_CXX_LANGUAGE_STANDARD = "gnu++20";
				CLANG_ENABLE_MODULES = YES;
				CLANG_ENABLE_OBJC_ARC = YES;
				CLANG_ENABLE_OBJC_WEAK = YES;
				CLANG_WARN_BLOCK_CAPTURE_AUTORELEASING = YES;
				CLANG_WARN_BOOL_CONVERSION = YES;
				CLANG_WARN_COMMA = YES;
				CLANG_WARN_CONSTANT_CONVERSION = YES;
				CLANG_WARN_DEPRECATED_OBJC_IMPLEMENTATIONS = YES;
				CLANG_WARN_DIRECT_OBJC_ISA_USAGE = YES_ERROR;
				CLANG_WARN_DOCUMENTATION_COMMENTS = YES;
				CLANG_WARN_EMPTY_BODY = YES;
				CLANG_WARN_ENUM_CONVERSION = YES;
				CLANG_WARN_INFINITE_RECURSION = YES;
				CLANG_WARN_INT_CONVERSION = YES;
				CLANG_WARN_NON_LITERAL_NULL_CONVERSION = YES;
				CLANG_WARN_OBJC_IMPLICIT_RETAIN_SELF = YES;
				CLANG_WARN_OBJC_LITERAL_CONVERSION = YES;
				CLANG_WARN_OBJC_ROOT_CLASS = YES_ERROR;
				CLANG_WARN_QUOTED_INCLUDE_IN_FRAMEWORK_HEADER = YES;
				CLANG_WARN_RANGE_LOOP_ANALYSIS = YES;
				CLANG_WARN_STRICT_PROTOTYPES = YES;
				CLANG_WARN_SUSPICIOUS_MOVE = YES;
				CLANG_WARN_UNGUARDED_AVAILABILITY = YES_AGGRESSIVE;
				CLANG_WARN_UNREACHABLE_CODE = YES;
				CLANG_WARN__DUPLICATE_METHOD_MATCH = YES;
				COPY_PHASE_STRIP = NO;
				DEBUG_INFORMATION_FORMAT = "dwarf-with-dsym";
				ENABLE_NS_ASSERTIONS = NO;
				ENABLE_STRICT_OBJC_MSGSEND = YES;
				ENABLE_USER_SCRIPT_SANDBOXING = YES;
				GCC_C_LANGUAGE_STANDARD = gnu17;
				GCC_NO_COMMON_BLOCKS = YES;
				GCC_WARN_64_TO_32_BIT_CONVERSION = YES;
				GCC_WARN_ABOUT_RETURN_TYPE = YES_ERROR;
				GCC_WARN_UNDECLARED_SELECTOR = YES;
				GCC_WARN_UNINITIALIZED_AUTOS = YES_AGGRESSIVE;
				GCC_WARN_UNUSED_FUNCTION = YES;
				GCC_WARN_UNUSED_VARIABLE = YES;
				IPHONEOS_DEPLOYMENT_TARGET = 17.2;
				LOCALIZATION_PREFERS_STRING_CATALOGS = YES;
				MTL_ENABLE_DEBUG_INFO = NO;
				MTL_FAST_MATH = YES;
				SDKROOT = iphoneos;
				SWIFT_COMPILATION_MODE = wholemodule;
				VALIDATE_PRODUCT = YES;
			};
			name = Release;
		};
		266DF5A42C816B430029F92D /* Debug */ = {
			isa = XCBuildConfiguration;
			buildSettings = {
				ASSETCATALOG_COMPILER_APPICON_NAME = AppIcon;
				ASSETCATALOG_COMPILER_GLOBAL_ACCENT_COLOR_NAME = AccentColor;
				CODE_SIGN_STYLE = Automatic;
				CURRENT_PROJECT_VERSION = 1;
				DEVELOPMENT_ASSET_PATHS = "\"Youtube_Netflix/Preview Content\"";
				DEVELOPMENT_TEAM = LP846EEF49;
				ENABLE_PREVIEWS = YES;
				GENERATE_INFOPLIST_FILE = YES;
				INFOPLIST_FILE = "Youtube-Netflix-Info.plist";
				INFOPLIST_KEY_UIApplicationSceneManifest_Generation = YES;
				INFOPLIST_KEY_UIApplicationSupportsIndirectInputEvents = YES;
				INFOPLIST_KEY_UILaunchScreen_Generation = YES;
				INFOPLIST_KEY_UISupportedInterfaceOrientations_iPad = "UIInterfaceOrientationPortrait UIInterfaceOrientationPortraitUpsideDown UIInterfaceOrientationLandscapeLeft UIInterfaceOrientationLandscapeRight";
				INFOPLIST_KEY_UISupportedInterfaceOrientations_iPhone = "UIInterfaceOrientationPortrait UIInterfaceOrientationLandscapeLeft UIInterfaceOrientationLandscapeRight";
				LD_RUNPATH_SEARCH_PATHS = (
					"$(inherited)",
					"@executable_path/Frameworks",
				);
				MARKETING_VERSION = 1.0;
				PRODUCT_BUNDLE_IDENTIFIER = "sopheamen.app.Youtube-Netflix";
				PRODUCT_NAME = "$(TARGET_NAME)";
				SWIFT_EMIT_LOC_STRINGS = YES;
				SWIFT_VERSION = 5.0;
				TARGETED_DEVICE_FAMILY = "1,2";
			};
			name = Debug;
		};
		266DF5A52C816B430029F92D /* Release */ = {
			isa = XCBuildConfiguration;
			buildSettings = {
				ASSETCATALOG_COMPILER_APPICON_NAME = AppIcon;
				ASSETCATALOG_COMPILER_GLOBAL_ACCENT_COLOR_NAME = AccentColor;
				CODE_SIGN_STYLE = Automatic;
				CURRENT_PROJECT_VERSION = 1;
				DEVELOPMENT_ASSET_PATHS = "\"Youtube_Netflix/Preview Content\"";
				DEVELOPMENT_TEAM = LP846EEF49;
				ENABLE_PREVIEWS = YES;
				GENERATE_INFOPLIST_FILE = YES;
				INFOPLIST_FILE = "Youtube-Netflix-Info.plist";
				INFOPLIST_KEY_UIApplicationSceneManifest_Generation = YES;
				INFOPLIST_KEY_UIApplicationSupportsIndirectInputEvents = YES;
				INFOPLIST_KEY_UILaunchScreen_Generation = YES;
				INFOPLIST_KEY_UISupportedInterfaceOrientations_iPad = "UIInterfaceOrientationPortrait UIInterfaceOrientationPortraitUpsideDown UIInterfaceOrientationLandscapeLeft UIInterfaceOrientationLandscapeRight";
				INFOPLIST_KEY_UISupportedInterfaceOrientations_iPhone = "UIInterfaceOrientationPortrait UIInterfaceOrientationLandscapeLeft UIInterfaceOrientationLandscapeRight";
				LD_RUNPATH_SEARCH_PATHS = (
					"$(inherited)",
					"@executable_path/Frameworks",
				);
				MARKETING_VERSION = 1.0;
				PRODUCT_BUNDLE_IDENTIFIER = "sopheamen.app.Youtube-Netflix";
				PRODUCT_NAME = "$(TARGET_NAME)";
				SWIFT_EMIT_LOC_STRINGS = YES;
				SWIFT_VERSION = 5.0;
				TARGETED_DEVICE_FAMILY = "1,2";
			};
			name = Release;
		};
/* End XCBuildConfiguration section */

/* Begin XCConfigurationList section */
		266DF5902C816B3F0029F92D /* Build configuration list for PBXProject "Youtube_Netflix" */ = {
			isa = XCConfigurationList;
			buildConfigurations = (
				266DF5A12C816B430029F92D /* Debug */,
				266DF5A22C816B430029F92D /* Release */,
			);
			defaultConfigurationIsVisible = 0;
			defaultConfigurationName = Release;
		};
		266DF5A32C816B430029F92D /* Build configuration list for PBXNativeTarget "Youtube_Netflix" */ = {
			isa = XCConfigurationList;
			buildConfigurations = (
				266DF5A42C816B430029F92D /* Debug */,
				266DF5A52C816B430029F92D /* Release */,
			);
			defaultConfigurationIsVisible = 0;
			defaultConfigurationName = Release;
		};
/* End XCConfigurationList section */

/* Begin XCRemoteSwiftPackageReference section */
		266DF5B12C817EB30029F92D /* XCRemoteSwiftPackageReference "Kingfisher" */ = {
			isa = XCRemoteSwiftPackageReference;
			repositoryURL = "https://github.com/onevcat/Kingfisher.git";
			requirement = {
				kind = upToNextMajorVersion;
				minimumVersion = 7.12.0;
			};
		};
/* End XCRemoteSwiftPackageReference section */

/* Begin XCSwiftPackageProductDependency section */
		266DF5B22C817EB40029F92D /* Kingfisher */ = {
			isa = XCSwiftPackageProductDependency;
			package = 266DF5B12C817EB30029F92D /* XCRemoteSwiftPackageReference "Kingfisher" */;
			productName = Kingfisher;
		};
/* End XCSwiftPackageProductDependency section */
	};
	rootObject = 266DF58D2C816B3F0029F92D /* Project object */;
}
